schema: '2.0'
stages:
  data_ingestion:
    cmd: python -m src.pipeline.data_ingestion_pipeline
    deps:
    - path: src/components/data_ingestion/
      hash: md5
      md5: 957be817f31346da316fa4217ecc77e0.dir
      size: 2648
      nfiles: 4
    - path: src/pipeline/data_ingestion_pipeline.py
      hash: md5
      md5: 492d1f02a1bed8142bb0f5eda39b8a2c
      size: 612
    - path: src/utils.py
      hash: md5
      md5: 86d278ebf4d5bef8f15366dbabe22f57
      size: 3800
    outs:
    - path: datasets/train/
      hash: md5
      md5: ab3353d41bd7a24a20a31f29b64e3b3c.dir
      size: 66544770
      nfiles: 8
  data_transformation:
    cmd: python -m src.pipeline.data_transformation_pipeline
    deps:
    - path: datasets/
      hash: md5
      md5: 2b0c573cf57829cab12c12ddad70270c.dir
      size: 66544770
      nfiles: 8
    - path: src/components/data_transformation/
      hash: md5
      md5: 1db8d04aceb486c9d204c95d6b585ff1.dir
      size: 7430
      nfiles: 6
    - path: src/pipeline/data_transformation_pipeline.py
      hash: md5
      md5: 744a7cc326aee48b15157095a60e5604
      size: 707
    - path: src/utils.py
      hash: md5
      md5: 86d278ebf4d5bef8f15366dbabe22f57
      size: 3800
    outs:
    - path: artifacts/data_transformation/train_dataset.pkl
      hash: md5
      md5: 4bc9a3c7620bc3e113ea669ac9639010
      size: 188642776
  model_ingestion:
    cmd: python -m src.pipeline.model_pipeline
    deps:
    - path: src/components/model/
      hash: md5
      md5: c7793d870603b06ef12204bf38b97adf.dir
      size: 10284
      nfiles: 8
    - path: src/pipeline/model_pipeline.py
      hash: md5
      md5: 40d1b39fb783036c342d92bd0f8712ca
      size: 515
    - path: src/utils.py
      hash: md5
      md5: 86d278ebf4d5bef8f15366dbabe22f57
      size: 3800
    outs:
    - path: artifacts/model/discriminator.pth
      hash: md5
      md5: 7f798dc3caeed15586246726969a6a6a
      size: 5939948
    - path: artifacts/model/generator.pth
      hash: md5
      md5: 715d33a2db51f19b9c86117c82bdbcba
      size: 14323324
  training:
    cmd: python -m src.pipeline.training_pipeline
    deps:
    - path: artifacts/data_transformation/train_dataset.pkl
      hash: md5
      md5: 4bc9a3c7620bc3e113ea669ac9639010
      size: 188642776
    - path: artifacts/model/discriminator.pth
      hash: md5
      md5: 7f798dc3caeed15586246726969a6a6a
      size: 5939948
    - path: artifacts/model/generator.pth
      hash: md5
      md5: 715d33a2db51f19b9c86117c82bdbcba
      size: 14323324
    - path: src/components/training/
      hash: md5
      md5: 45a278c9987a0c703680bc1c3e94eeb0.dir
      size: 27288
      nfiles: 10
    - path: src/pipeline/training_pipeline.py
      hash: md5
      md5: 1e1a6d4d95dc879338cb7284c8871c46
      size: 537
    - path: src/utils.py
      hash: md5
      md5: 86d278ebf4d5bef8f15366dbabe22f57
      size: 3800
    outs:
    - path: callbacks/final_model/discriminator_model.pth
      hash: md5
      md5: e2c8a8206384b9eabde97ceec3d49bc3
      size: 5940140
    - path: callbacks/final_model/generator_model.pth
      hash: md5
      md5: dc26b0706f9bcdf07b4ad4d9285a5816
      size: 14323708
  test_model:
    cmd: python -m src.pipeline.test_pipeline
    deps:
    - path: callbacks/checkpoints/
      hash: md5
      md5: 8f11bccbd54874a5cc3c12f3f793a413.dir
      size: 303777122
      nfiles: 5
    - path: callbacks/final_model/generator_model.pth
      hash: md5
      md5: dc26b0706f9bcdf07b4ad4d9285a5816
      size: 14323708
    - path: src/components/testing/
      hash: md5
      md5: dc3bf96cb2175dd46b8fdde5678959f5.dir
      size: 4209
      nfiles: 4
    - path: src/pipeline/test_pipeline.py
      hash: md5
      md5: 503bf2ba68cac7360cf87efb4f9ace37
      size: 487
    - path: src/utils.py
      hash: md5
      md5: 86d278ebf4d5bef8f15366dbabe22f57
      size: 3800
